
Microsoft Visual Studio Solution File, Format Version 12.00
# Visual Studio Version 17
VisualStudioVersion = 17.9.34728.123
MinimumVisualStudioVersion = 10.0.40219.1
Project("{FAE04EC0-301F-11D3-BF4B-00C04F79EFBC}") = "HouseMateLink", "HouseMateLink\HouseMateLink.csproj", "{E9B14108-5FA8-4D40-957A-6E9055C7E903}"
EndProject
Global
	GlobalSection(SolutionConfigurationPlatforms) = preSolution
		Debug|Any CPU = Debug|Any CPU
		Release|Any CPU = Release|Any CPU
	EndGlobalSection
	GlobalSection(ProjectConfigurationPlatforms) = postSolution
		{E9B14108-5FA8-4D40-957A-6E9055C7E903}.Debug|Any CPU.ActiveCfg = Debug|Any CPU
		{E9B14108-5FA8-4D40-957A-6E9055C7E903}.Debug|Any CPU.Build.0 = Debug|Any CPU
		{E9B14108-5FA8-4D40-957A-6E9055C7E903}.Release|Any CPU.ActiveCfg = Release|Any CPU
		{E9B14108-5FA8-4D40-957A-6E9055C7E903}.Release|Any CPU.Build.0 = Release|Any CPU
	EndGlobalSection
	GlobalSection(SolutionProperties) = preSolution
		HideSolutionNode = FALSE
	EndGlobalSection
	GlobalSection(ExtensibilityGlobals) = postSolution
		SolutionGuid = {24366614-46F4-47FE-B02B-89F090F784B1}
	EndGlobalSection
EndGlobal
